{
  "nodes": {
    "flake-utils": {
      "locked": {
        "lastModified": 1656928814,
        "narHash": "sha256-RIFfgBuKz6Hp89yRr7+NR5tzIAbn52h8vT6vXkYjZoM=",
        "owner": "numtide",
        "repo": "flake-utils",
        "rev": "7e2a3b3dfd9af950a856d66b0a7d01e3c18aa249",
        "type": "github"
      },
      "original": {
        "owner": "numtide",
        "repo": "flake-utils",
        "type": "github"
      }
    },
    "flake-utils_2": {
      "locked": {
        "lastModified": 1656928814,
        "narHash": "sha256-RIFfgBuKz6Hp89yRr7+NR5tzIAbn52h8vT6vXkYjZoM=",
        "owner": "numtide",
        "repo": "flake-utils",
        "rev": "7e2a3b3dfd9af950a856d66b0a7d01e3c18aa249",
        "type": "github"
      },
      "original": {
        "owner": "numtide",
        "repo": "flake-utils",
        "type": "github"
      }
    },
    "move-nix": {
      "inputs": {
        "flake-utils": "flake-utils_2",
        "nixpkgs": "nixpkgs"
      },
      "locked": {
        "lastModified": 1657327905,
        "narHash": "sha256-C2A//MPw+OAC18nV8sNFvKmBnn92HsrTYMvaFCoXi/Q=",
        "owner": "movingco",
        "repo": "move.nix",
        "rev": "c9bdf9c0789d70e15b7443d25905e9a7392d8ddc",
        "type": "github"
      },
      "original": {
        "owner": "movingco",
        "repo": "move.nix",
        "type": "github"
      }
    },
    "nixpkgs": {
      "locked": {
        "lastModified": 1656995184,
        "narHash": "sha256-QyITJ5KuEvbWp6jUGfZ8KGAGkfkTFe07xEvBNUo5xQ4=",
        "owner": "NixOS",
        "repo": "nixpkgs",
        "rev": "6462b8f70e924efd74f0ef792a53fbacd7d96aca",
        "type": "github"
      },
      "original": {
        "owner": "NixOS",
        "ref": "nixpkgs-unstable",
        "repo": "nixpkgs",
        "type": "github"
      }
    },
    "nixpkgs_2": {
      "locked": {
        "lastModified": 1657292830,
        "narHash": "sha256-ldfVSTveWceDCmW6gf3B4kR6vwmz/XS80y5wsLLHFJU=",
        "owner": "NixOS",
        "repo": "nixpkgs",
        "rev": "334ec8b503c3981e37a04b817a70e8d026ea9e84",
        "type": "github"
      },
      "original": {
        "owner": "NixOS",
        "ref": "nixpkgs-unstable",
        "repo": "nixpkgs",
        "type": "github"
      }
    },
    "root": {
      "inputs": {
        "flake-utils": "flake-utils",
        "move-nix": "move-nix",
        "nixpkgs": "nixpkgs_2"
      }
    }
  },
  "root": "root",
  "version": 7
}
