{
  "nodes": {
    "flake-utils": {
      "locked": {
        "lastModified": 1659877975,
        "narHash": "sha256-zllb8aq3YO3h8B/U0/J1WBgAL8EX5yWf5pMj3G0NAmc=",
        "owner": "numtide",
        "repo": "flake-utils",
        "rev": "c0e246b9b83f637f4681389ecabcb2681b4f3af0",
        "type": "github"
      },
      "original": {
        "owner": "numtide",
        "repo": "flake-utils",
        "type": "github"
      }
    },
    "flake-utils_2": {
      "locked": {
        "lastModified": 1659877975,
        "narHash": "sha256-zllb8aq3YO3h8B/U0/J1WBgAL8EX5yWf5pMj3G0NAmc=",
        "owner": "numtide",
        "repo": "flake-utils",
        "rev": "c0e246b9b83f637f4681389ecabcb2681b4f3af0",
        "type": "github"
      },
      "original": {
        "owner": "numtide",
        "repo": "flake-utils",
        "type": "github"
      }
    },
    "move-nix": {
      "inputs": {
        "flake-utils": "flake-utils_2",
        "nixpkgs": "nixpkgs"
      },
      "locked": {
        "lastModified": 1660944917,
        "narHash": "sha256-L7E8AMCAsK9yWaASOHxnC0O9Zeln/MqGiBVEdz06XM8=",
        "owner": "movingco",
        "repo": "move.nix",
        "rev": "c60669e9c2b0e68f272ffdbec073746ca81159d6",
        "type": "github"
      },
      "original": {
        "owner": "movingco",
        "repo": "move.nix",
        "type": "github"
      }
    },
    "nixpkgs": {
      "locked": {
        "lastModified": 1660607161,
        "narHash": "sha256-wFM5Jcu+y2Rd07b4D9xwiVG/9snF64es8uu82MAysqs=",
        "owner": "NixOS",
        "repo": "nixpkgs",
        "rev": "a093c35beee0a64ad68312d747a4c49eaa5b1105",
        "type": "github"
      },
      "original": {
        "owner": "NixOS",
        "ref": "nixpkgs-unstable",
        "repo": "nixpkgs",
        "type": "github"
      }
    },
    "nixpkgs_2": {
      "locked": {
        "lastModified": 1661089880,
        "narHash": "sha256-A+JmSLoBdJsmJEBfzzwhzQyL3B6aE+mCrVi4pEtXQtg=",
        "owner": "NixOS",
        "repo": "nixpkgs",
        "rev": "520040da1eeb8558cd79bd4f0555866fcff2cced",
        "type": "github"
      },
      "original": {
        "owner": "NixOS",
        "ref": "nixpkgs-unstable",
        "repo": "nixpkgs",
        "type": "github"
      }
    },
    "root": {
      "inputs": {
        "flake-utils": "flake-utils",
        "move-nix": "move-nix",
        "nixpkgs": "nixpkgs_2"
      }
    }
  },
  "root": "root",
  "version": 7
}
