{
  "nodes": {
    "flake-utils": {
      "locked": {
        "lastModified": 1656928814,
        "narHash": "sha256-RIFfgBuKz6Hp89yRr7+NR5tzIAbn52h8vT6vXkYjZoM=",
        "owner": "numtide",
        "repo": "flake-utils",
        "rev": "7e2a3b3dfd9af950a856d66b0a7d01e3c18aa249",
        "type": "github"
      },
      "original": {
        "owner": "numtide",
        "repo": "flake-utils",
        "type": "github"
      }
    },
    "flake-utils_2": {
      "locked": {
        "lastModified": 1656928814,
        "narHash": "sha256-RIFfgBuKz6Hp89yRr7+NR5tzIAbn52h8vT6vXkYjZoM=",
        "owner": "numtide",
        "repo": "flake-utils",
        "rev": "7e2a3b3dfd9af950a856d66b0a7d01e3c18aa249",
        "type": "github"
      },
      "original": {
        "owner": "numtide",
        "repo": "flake-utils",
        "type": "github"
      }
    },
    "move-nix": {
      "inputs": {
        "flake-utils": "flake-utils_2",
        "nixpkgs": "nixpkgs"
      },
      "locked": {
        "lastModified": 1658444905,
        "narHash": "sha256-u9MGsXHdhiyHaak9sgwsuZ1cKA7iG2MWvn1A155V6fI=",
        "owner": "movingco",
        "repo": "move.nix",
        "rev": "ddbfed9171da60d2fb3d0a4b92834e7b3fbca9b9",
        "type": "github"
      },
      "original": {
        "owner": "movingco",
        "repo": "move.nix",
        "type": "github"
      }
    },
    "nixpkgs": {
      "locked": {
        "lastModified": 1656995184,
        "narHash": "sha256-QyITJ5KuEvbWp6jUGfZ8KGAGkfkTFe07xEvBNUo5xQ4=",
        "owner": "NixOS",
        "repo": "nixpkgs",
        "rev": "6462b8f70e924efd74f0ef792a53fbacd7d96aca",
        "type": "github"
      },
      "original": {
        "owner": "NixOS",
        "ref": "nixpkgs-unstable",
        "repo": "nixpkgs",
        "type": "github"
      }
    },
    "nixpkgs_2": {
      "locked": {
        "lastModified": 1658397257,
        "narHash": "sha256-2M1Ih3r8/mL8h0n8+PYoGXFazVY9zBcGJrNxNC3JgNo=",
        "owner": "NixOS",
        "repo": "nixpkgs",
        "rev": "a174de16edfc6aa0893530b9a95d0bd0c2a952b7",
        "type": "github"
      },
      "original": {
        "owner": "NixOS",
        "ref": "nixpkgs-unstable",
        "repo": "nixpkgs",
        "type": "github"
      }
    },
    "root": {
      "inputs": {
        "flake-utils": "flake-utils",
        "move-nix": "move-nix",
        "nixpkgs": "nixpkgs_2"
      }
    }
  },
  "root": "root",
  "version": 7
}
